
Microsoft Visual Studio Solution File, Format Version 12.00
Project("{FAE04EC0-301F-11D3-BF4B-00C04F79EFBC}") = "MicrosoftSearch.Demo", "MicrosoftSearch.Demo\MicrosoftSearch.Demo.csproj", "{23757D84-CC48-433C-AF12-CA39AE01AC5E}"
EndProject
Global
	GlobalSection(SolutionConfigurationPlatforms) = preSolution
		Debug|Any CPU = Debug|Any CPU
		Release|Any CPU = Release|Any CPU
	EndGlobalSection
	GlobalSection(ProjectConfigurationPlatforms) = postSolution
		{23757D84-CC48-433C-AF12-CA39AE01AC5E}.Debug|Any CPU.ActiveCfg = Debug|Any CPU
		{23757D84-CC48-433C-AF12-CA39AE01AC5E}.Debug|Any CPU.Build.0 = Debug|Any CPU
		{23757D84-CC48-433C-AF12-CA39AE01AC5E}.Release|Any CPU.ActiveCfg = Release|Any CPU
		{23757D84-CC48-433C-AF12-CA39AE01AC5E}.Release|Any CPU.Build.0 = Release|Any CPU
	EndGlobalSection
EndGlobal
